
Microsoft Visual Studio Solution File, Format Version 12.00
# Visual Studio Version 16
VisualStudioVersion = 16.0.29503.13
MinimumVisualStudioVersion = 10.0.40219.1
Project("{FAE04EC0-301F-11D3-BF4B-00C04F79EFBC}") = "ProyectoTratamientoSenalesBeatBocho", "ProyectoTratamientoSenalesBeatBocho\ProyectoTratamientoSenalesBeatBocho.csproj", "{D0D627B2-1396-4AA1-A726-C7CAB7C7D274}"
EndProject
Global
	GlobalSection(SolutionConfigurationPlatforms) = preSolution
		Debug|Any CPU = Debug|Any CPU
		Release|Any CPU = Release|Any CPU
	EndGlobalSection
	GlobalSection(ProjectConfigurationPlatforms) = postSolution
		{D0D627B2-1396-4AA1-A726-C7CAB7C7D274}.Debug|Any CPU.ActiveCfg = Debug|Any CPU
		{D0D627B2-1396-4AA1-A726-C7CAB7C7D274}.Debug|Any CPU.Build.0 = Debug|Any CPU
		{D0D627B2-1396-4AA1-A726-C7CAB7C7D274}.Release|Any CPU.ActiveCfg = Release|Any CPU
		{D0D627B2-1396-4AA1-A726-C7CAB7C7D274}.Release|Any CPU.Build.0 = Release|Any CPU
	EndGlobalSection
	GlobalSection(SolutionProperties) = preSolution
		HideSolutionNode = FALSE
	EndGlobalSection
	GlobalSection(ExtensibilityGlobals) = postSolution
		SolutionGuid = {EBBCF484-1EF4-4AC0-AEC2-8D71455F2708}
	EndGlobalSection
EndGlobal
